
Microsoft Visual Studio Solution File, Format Version 12.00
# Visual Studio Version 17
VisualStudioVersion = 17.11.35312.102
MinimumVisualStudioVersion = 10.0.40219.1
Project("{FAE04EC0-301F-11D3-BF4B-00C04F79EFBC}") = "pmv-si-2024-2-pe6-t2-g06-gestao-de-salao-servico-usuario", "pmv-si-2024-2-pe6-t2-g06-gestao-de-salao-servico-usuario.csproj", "{B59BD24A-55FC-4DCA-8C3C-CA2354597992}"
EndProject
Global
	GlobalSection(SolutionConfigurationPlatforms) = preSolution
		Debug|Any CPU = Debug|Any CPU
		Release|Any CPU = Release|Any CPU
	EndGlobalSection
	GlobalSection(ProjectConfigurationPlatforms) = postSolution
		{B59BD24A-55FC-4DCA-8C3C-CA2354597992}.Debug|Any CPU.ActiveCfg = Debug|Any CPU
		{B59BD24A-55FC-4DCA-8C3C-CA2354597992}.Debug|Any CPU.Build.0 = Debug|Any CPU
		{B59BD24A-55FC-4DCA-8C3C-CA2354597992}.Release|Any CPU.ActiveCfg = Release|Any CPU
		{B59BD24A-55FC-4DCA-8C3C-CA2354597992}.Release|Any CPU.Build.0 = Release|Any CPU
	EndGlobalSection
	GlobalSection(SolutionProperties) = preSolution
		HideSolutionNode = FALSE
	EndGlobalSection
	GlobalSection(ExtensibilityGlobals) = postSolution
		SolutionGuid = {E7B6BFE8-170E-42E2-8858-B522F88FFFDD}
	EndGlobalSection
EndGlobal
